
Microsoft Visual Studio Solution File, Format Version 12.00
# Visual Studio 2013
VisualStudioVersion = 12.0.31101.0
MinimumVisualStudioVersion = 10.0.40219.1
Project("{FAE04EC0-301F-11D3-BF4B-00C04F79EFBC}") = "RectanglesZoom2", "RectanglesZoom2\RectanglesZoom2.csproj", "{ED874FAC-2CF1-47D0-8BC8-3E972B193EAB}"
EndProject
Global
	GlobalSection(SubversionScc) = preSolution
		Svn-Managed = True
		Manager = AnkhSVN - Subversion Support for Visual Studio
	EndGlobalSection
	GlobalSection(SolutionConfigurationPlatforms) = preSolution
		Debug|Any CPU = Debug|Any CPU
		Release|Any CPU = Release|Any CPU
	EndGlobalSection
	GlobalSection(ProjectConfigurationPlatforms) = postSolution
		{ED874FAC-2CF1-47D0-8BC8-3E972B193EAB}.Debug|Any CPU.ActiveCfg = Debug|Any CPU
		{ED874FAC-2CF1-47D0-8BC8-3E972B193EAB}.Debug|Any CPU.Build.0 = Debug|Any CPU
		{ED874FAC-2CF1-47D0-8BC8-3E972B193EAB}.Release|Any CPU.ActiveCfg = Release|Any CPU
		{ED874FAC-2CF1-47D0-8BC8-3E972B193EAB}.Release|Any CPU.Build.0 = Release|Any CPU
	EndGlobalSection
	GlobalSection(SolutionProperties) = preSolution
		HideSolutionNode = FALSE
	EndGlobalSection
EndGlobal
