
Microsoft Visual Studio Solution File, Format Version 12.00
# Visual Studio 2013
VisualStudioVersion = 12.0.31101.0
MinimumVisualStudioVersion = 10.0.40219.1
Project("{FAE04EC0-301F-11D3-BF4B-00C04F79EFBC}") = "TileExchangeZoom", "TileExchangeZoom\TileExchangeZoom.csproj", "{DA8B35F6-8E96-405B-B8DF-7DDDF0A5171B}"
EndProject
Global
	GlobalSection(SubversionScc) = preSolution
		Svn-Managed = True
		Manager = AnkhSVN - Subversion Support for Visual Studio
	EndGlobalSection
	GlobalSection(SolutionConfigurationPlatforms) = preSolution
		Debug|Any CPU = Debug|Any CPU
		Release|Any CPU = Release|Any CPU
	EndGlobalSection
	GlobalSection(ProjectConfigurationPlatforms) = postSolution
		{DA8B35F6-8E96-405B-B8DF-7DDDF0A5171B}.Debug|Any CPU.ActiveCfg = Debug|Any CPU
		{DA8B35F6-8E96-405B-B8DF-7DDDF0A5171B}.Debug|Any CPU.Build.0 = Debug|Any CPU
		{DA8B35F6-8E96-405B-B8DF-7DDDF0A5171B}.Release|Any CPU.ActiveCfg = Release|Any CPU
		{DA8B35F6-8E96-405B-B8DF-7DDDF0A5171B}.Release|Any CPU.Build.0 = Release|Any CPU
	EndGlobalSection
	GlobalSection(SolutionProperties) = preSolution
		HideSolutionNode = FALSE
	EndGlobalSection
EndGlobal
